
Microsoft Visual Studio Solution File, Format Version 12.00
# Visual Studio Version 17
VisualStudioVersion = 17.8.34525.116
MinimumVisualStudioVersion = 10.0.40219.1
Project("{FAE04EC0-301F-11D3-BF4B-00C04F79EFBC}") = "TrainingRestFullApi", "TrainingRestFullApi.csproj", "{CE519A4B-A900-448E-BD3A-C9F8DEFB11C1}"
EndProject
Global
	GlobalSection(SolutionConfigurationPlatforms) = preSolution
		Debug|Any CPU = Debug|Any CPU
		Release|Any CPU = Release|Any CPU
	EndGlobalSection
	GlobalSection(ProjectConfigurationPlatforms) = postSolution
		{CE519A4B-A900-448E-BD3A-C9F8DEFB11C1}.Debug|Any CPU.ActiveCfg = Debug|Any CPU
		{CE519A4B-A900-448E-BD3A-C9F8DEFB11C1}.Debug|Any CPU.Build.0 = Debug|Any CPU
		{CE519A4B-A900-448E-BD3A-C9F8DEFB11C1}.Release|Any CPU.ActiveCfg = Release|Any CPU
		{CE519A4B-A900-448E-BD3A-C9F8DEFB11C1}.Release|Any CPU.Build.0 = Release|Any CPU
	EndGlobalSection
	GlobalSection(SolutionProperties) = preSolution
		HideSolutionNode = FALSE
	EndGlobalSection
	GlobalSection(ExtensibilityGlobals) = postSolution
		SolutionGuid = {09B24DF1-8EFF-4CB3-9509-F311104D393E}
	EndGlobalSection
EndGlobal
